{
  "version": 4,
  "terraform_version": "0.12.26",
  "serial": 2,
  "lineage": "bcb6ed48-7a5b-973c-1c5f-3c3e765d9a16",
  "outputs": {
    "arn": {
      "value": "arn:aws:ecr:eu-west-1:268229342313:repository/ecr-ve5xo6",
      "type": "string"
    },
    "name": {
      "value": "ecr-ve5xo6",
      "type": "string"
    },
    "url": {
      "value": "268229342313.dkr.ecr.eu-west-1.amazonaws.com/ecr-ve5xo6",
      "type": "string"
    }
  },
  "resources": [
    {
      "mode": "managed",
      "type": "aws_ecr_repository",
      "name": "repository",
      "provider": "provider.aws",
      "instances": [
        {
          "schema_version": 0,
          "attributes": {
            "arn": "arn:aws:ecr:eu-west-1:268229342313:repository/ecr-ve5xo6",
            "id": "ecr-ve5xo6",
            "image_scanning_configuration": [
              {
                "scan_on_push": true
              }
            ],
            "image_tag_mutability": "MUTABLE",
            "name": "ecr-ve5xo6",
            "registry_id": "268229342313",
            "repository_url": "268229342313.dkr.ecr.eu-west-1.amazonaws.com/ecr-ve5xo6",
            "tags": null,
            "timeouts": null
          },
          "private": "eyJlMmJmYjczMC1lY2FhLTExZTYtOGY4OC0zNDM2M2JjN2M0YzAiOnsiZGVsZXRlIjoxMjAwMDAwMDAwMDAwfX0="
        }
      ]
    }
  ]
}
