{
  "version": 4,
  "terraform_version": "0.12.10",
  "serial": 2,
  "lineage": "9f6fc269-21d4-7118-04ce-688b4bb2e7ee",
  "outputs": {
    "url": {
      "value": "268229342313.dkr.ecr.eu-west-1.amazonaws.com/jenkins-agent",
      "type": "string"
    }
  },
  "resources": [
    {
      "module": "module.jenkins",
      "mode": "managed",
      "type": "aws_ecr_repository",
      "name": "repository",
      "provider": "provider.aws",
      "instances": [
        {
          "schema_version": 0,
          "attributes": {
            "arn": "arn:aws:ecr:eu-west-1:268229342313:repository/jenkins-agent",
            "id": "jenkins-agent",
            "image_scanning_configuration": [
              {
                "scan_on_push": true
              }
            ],
            "image_tag_mutability": "MUTABLE",
            "name": "jenkins-agent",
            "registry_id": "268229342313",
            "repository_url": "268229342313.dkr.ecr.eu-west-1.amazonaws.com/jenkins-agent",
            "tags": null,
            "timeouts": null
          },
          "private": "eyJlMmJmYjczMC1lY2FhLTExZTYtOGY4OC0zNDM2M2JjN2M0YzAiOnsiZGVsZXRlIjoxMjAwMDAwMDAwMDAwfX0="
        }
      ]
    }
  ]
}
